// !$*UTF8*$!
{
	archiveVersion = 1;
	classes = {
	};
	objectVersion = 56;
	objects = {

/* Begin PBXBuildFile section */
		BD12ED282B4437C600BD0A3A /* AppDelegate.swift in Sources */ = {isa = PBXBuildFile; fileRef = BD12ED272B4437C600BD0A3A /* AppDelegate.swift */; };
		BD12ED2A2B4437C600BD0A3A /* SceneDelegate.swift in Sources */ = {isa = PBXBuildFile; fileRef = BD12ED292B4437C600BD0A3A /* SceneDelegate.swift */; };
		BD12ED2C2B4437C600BD0A3A /* ViewController.swift in Sources */ = {isa = PBXBuildFile; fileRef = BD12ED2B2B4437C600BD0A3A /* ViewController.swift */; };
		BD12ED2F2B4437C600BD0A3A /* Main.storyboard in Resources */ = {isa = PBXBuildFile; fileRef = BD12ED2D2B4437C600BD0A3A /* Main.storyboard */; };
		BD12ED312B4437CB00BD0A3A /* Assets.xcassets in Resources */ = {isa = PBXBuildFile; fileRef = BD12ED302B4437CB00BD0A3A /* Assets.xcassets */; };
		BD12ED342B4437CB00BD0A3A /* LaunchScreen.storyboard in Resources */ = {isa = PBXBuildFile; fileRef = BD12ED322B4437CB00BD0A3A /* LaunchScreen.storyboard */; };
		BD12ED3E2B44389700BD0A3A /* Contact.swift in Sources */ = {isa = PBXBuildFile; fileRef = BD12ED3D2B44389700BD0A3A /* Contact.swift */; };
		BD12ED402B44390200BD0A3A /* ContactList.swift in Sources */ = {isa = PBXBuildFile; fileRef = BD12ED3F2B44390200BD0A3A /* ContactList.swift */; };
		BDBCCFDF2B45340200F8665A /* ContactListViewController.swift in Sources */ = {isa = PBXBuildFile; fileRef = BDBCCFDE2B45340200F8665A /* ContactListViewController.swift */; };
		BDBCCFE22B453AA400F8665A /* ContactTableViewCell.swift in Sources */ = {isa = PBXBuildFile; fileRef = BDBCCFE12B453AA400F8665A /* ContactTableViewCell.swift */; };
/* End PBXBuildFile section */

/* Begin PBXFileReference section */
		BD12ED242B4437C600BD0A3A /* ios-contact-manager-ui.app */ = {isa = PBXFileReference; explicitFileType = wrapper.application; includeInIndex = 0; path = "ios-contact-manager-ui.app"; sourceTree = BUILT_PRODUCTS_DIR; };
		BD12ED272B4437C600BD0A3A /* AppDelegate.swift */ = {isa = PBXFileReference; lastKnownFileType = sourcecode.swift; path = AppDelegate.swift; sourceTree = "<group>"; };
		BD12ED292B4437C600BD0A3A /* SceneDelegate.swift */ = {isa = PBXFileReference; lastKnownFileType = sourcecode.swift; path = SceneDelegate.swift; sourceTree = "<group>"; };
		BD12ED2B2B4437C600BD0A3A /* ViewController.swift */ = {isa = PBXFileReference; lastKnownFileType = sourcecode.swift; path = ViewController.swift; sourceTree = "<group>"; };
		BD12ED2E2B4437C600BD0A3A /* Base */ = {isa = PBXFileReference; lastKnownFileType = file.storyboard; name = Base; path = Base.lproj/Main.storyboard; sourceTree = "<group>"; };
		BD12ED302B4437CB00BD0A3A /* Assets.xcassets */ = {isa = PBXFileReference; lastKnownFileType = folder.assetcatalog; path = Assets.xcassets; sourceTree = "<group>"; };
		BD12ED332B4437CB00BD0A3A /* Base */ = {isa = PBXFileReference; lastKnownFileType = file.storyboard; name = Base; path = Base.lproj/LaunchScreen.storyboard; sourceTree = "<group>"; };
		BD12ED352B4437CB00BD0A3A /* Info.plist */ = {isa = PBXFileReference; lastKnownFileType = text.plist.xml; path = Info.plist; sourceTree = "<group>"; };
		BD12ED3D2B44389700BD0A3A /* Contact.swift */ = {isa = PBXFileReference; lastKnownFileType = sourcecode.swift; path = Contact.swift; sourceTree = "<group>"; };
		BD12ED3F2B44390200BD0A3A /* ContactList.swift */ = {isa = PBXFileReference; lastKnownFileType = sourcecode.swift; path = ContactList.swift; sourceTree = "<group>"; };
		BDBCCFDE2B45340200F8665A /* ContactListViewController.swift */ = {isa = PBXFileReference; lastKnownFileType = sourcecode.swift; path = ContactListViewController.swift; sourceTree = "<group>"; };
		BDBCCFE12B453AA400F8665A /* ContactTableViewCell.swift */ = {isa = PBXFileReference; lastKnownFileType = sourcecode.swift; path = ContactTableViewCell.swift; sourceTree = "<group>"; };
/* End PBXFileReference section */

/* Begin PBXFrameworksBuildPhase section */
		BD12ED212B4437C600BD0A3A /* Frameworks */ = {
			isa = PBXFrameworksBuildPhase;
			buildActionMask = 2147483647;
			files = (
			);
			runOnlyForDeploymentPostprocessing = 0;
		};
/* End PBXFrameworksBuildPhase section */

/* Begin PBXGroup section */
		BD12ED1B2B4437C500BD0A3A = {
			isa = PBXGroup;
			children = (
				BD12ED262B4437C600BD0A3A /* ios-contact-manager-ui */,
				BD12ED252B4437C600BD0A3A /* Products */,
			);
			sourceTree = "<group>";
		};
		BD12ED252B4437C600BD0A3A /* Products */ = {
			isa = PBXGroup;
			children = (
				BD12ED242B4437C600BD0A3A /* ios-contact-manager-ui.app */,
			);
			name = Products;
			sourceTree = "<group>";
		};
		BD12ED262B4437C600BD0A3A /* ios-contact-manager-ui */ = {
			isa = PBXGroup;
			children = (
				BDBCCFE02B453A8200F8665A /* View */,
				BD12ED3C2B44388200BD0A3A /* Model */,
				BD12ED3B2B44387A00BD0A3A /* Controller */,
				BD12ED272B4437C600BD0A3A /* AppDelegate.swift */,
				BD12ED292B4437C600BD0A3A /* SceneDelegate.swift */,
				BD12ED352B4437CB00BD0A3A /* Info.plist */,
			);
			path = "ios-contact-manager-ui";
			sourceTree = "<group>";
		};
		BD12ED3B2B44387A00BD0A3A /* Controller */ = {
			isa = PBXGroup;
			children = (
				BD12ED2B2B4437C600BD0A3A /* ViewController.swift */,
				BDBCCFDE2B45340200F8665A /* ContactListViewController.swift */,
			);
			path = Controller;
			sourceTree = "<group>";
		};
		BD12ED3C2B44388200BD0A3A /* Model */ = {
			isa = PBXGroup;
			children = (
				BD12ED3D2B44389700BD0A3A /* Contact.swift */,
				BD12ED3F2B44390200BD0A3A /* ContactList.swift */,
			);
			path = Model;
			sourceTree = "<group>";
		};
		BDBCCFE02B453A8200F8665A /* View */ = {
			isa = PBXGroup;
			children = (
				BD12ED2D2B4437C600BD0A3A /* Main.storyboard */,
				BD12ED302B4437CB00BD0A3A /* Assets.xcassets */,
				BD12ED322B4437CB00BD0A3A /* LaunchScreen.storyboard */,
				BDBCCFE12B453AA400F8665A /* ContactTableViewCell.swift */,
			);
			path = View;
			sourceTree = "<group>";
		};
/* End PBXGroup section */

/* Begin PBXNativeTarget section */
		BD12ED232B4437C600BD0A3A /* ios-contact-manager-ui */ = {
			isa = PBXNativeTarget;
			buildConfigurationList = BD12ED382B4437CB00BD0A3A /* Build configuration list for PBXNativeTarget "ios-contact-manager-ui" */;
			buildPhases = (
				BD12ED202B4437C600BD0A3A /* Sources */,
				BD12ED212B4437C600BD0A3A /* Frameworks */,
				BD12ED222B4437C600BD0A3A /* Resources */,
			);
			buildRules = (
			);
			dependencies = (
			);
			name = "ios-contact-manager-ui";
			productName = "ios-contact-manager-ui";
			productReference = BD12ED242B4437C600BD0A3A /* ios-contact-manager-ui.app */;
			productType = "com.apple.product-type.application";
		};
/* End PBXNativeTarget section */

/* Begin PBXProject section */
		BD12ED1C2B4437C500BD0A3A /* Project object */ = {
			isa = PBXProject;
			attributes = {
				BuildIndependentTargetsInParallel = 1;
				LastSwiftUpdateCheck = 1510;
				LastUpgradeCheck = 1510;
				TargetAttributes = {
					BD12ED232B4437C600BD0A3A = {
						CreatedOnToolsVersion = 15.1;
					};
				};
			};
			buildConfigurationList = BD12ED1F2B4437C500BD0A3A /* Build configuration list for PBXProject "ios-contact-manager-ui" */;
			compatibilityVersion = "Xcode 14.0";
			developmentRegion = en;
			hasScannedForEncodings = 0;
			knownRegions = (
				en,
				Base,
			);
			mainGroup = BD12ED1B2B4437C500BD0A3A;
			productRefGroup = BD12ED252B4437C600BD0A3A /* Products */;
			projectDirPath = "";
			projectRoot = "";
			targets = (
				BD12ED232B4437C600BD0A3A /* ios-contact-manager-ui */,
			);
		};
/* End PBXProject section */

/* Begin PBXResourcesBuildPhase section */
		BD12ED222B4437C600BD0A3A /* Resources */ = {
			isa = PBXResourcesBuildPhase;
			buildActionMask = 2147483647;
			files = (
				BD12ED342B4437CB00BD0A3A /* LaunchScreen.storyboard in Resources */,
				BD12ED312B4437CB00BD0A3A /* Assets.xcassets in Resources */,
				BD12ED2F2B4437C600BD0A3A /* Main.storyboard in Resources */,
			);
			runOnlyForDeploymentPostprocessing = 0;
		};
/* End PBXResourcesBuildPhase section */

/* Begin PBXSourcesBuildPhase section */
		BD12ED202B4437C600BD0A3A /* Sources */ = {
			isa = PBXSourcesBuildPhase;
			buildActionMask = 2147483647;
			files = (
				BD12ED3E2B44389700BD0A3A /* Contact.swift in Sources */,
				BD12ED2C2B4437C600BD0A3A /* ViewController.swift in Sources */,
				BD12ED282B4437C600BD0A3A /* AppDelegate.swift in Sources */,
				BD12ED2A2B4437C600BD0A3A /* SceneDelegate.swift in Sources */,
				BDBCCFE22B453AA400F8665A /* ContactTableViewCell.swift in Sources */,
				BD12ED402B44390200BD0A3A /* ContactList.swift in Sources */,
				BDBCCFDF2B45340200F8665A /* ContactListViewController.swift in Sources */,
			);
			runOnlyForDeploymentPostprocessing = 0;
		};
/* End PBXSourcesBuildPhase section */

/* Begin PBXVariantGroup section */
		BD12ED2D2B4437C600BD0A3A /* Main.storyboard */ = {
			isa = PBXVariantGroup;
			children = (
				BD12ED2E2B4437C600BD0A3A /* Base */,
			);
			name = Main.storyboard;
			sourceTree = "<group>";
		};
		BD12ED322B4437CB00BD0A3A /* LaunchScreen.storyboard */ = {
			isa = PBXVariantGroup;
			children = (
				BD12ED332B4437CB00BD0A3A /* Base */,
			);
			name = LaunchScreen.storyboard;
			sourceTree = "<group>";
		};
/* End PBXVariantGroup section */

/* Begin XCBuildConfiguration section */
		BD12ED362B4437CB00BD0A3A /* Debug */ = {
			isa = XCBuildConfiguration;
			buildSettings = {
				ALWAYS_SEARCH_USER_PATHS = NO;
				ASSETCATALOG_COMPILER_GENERATE_SWIFT_ASSET_SYMBOL_EXTENSIONS = YES;
				CLANG_ANALYZER_NONNULL = YES;
				CLANG_ANALYZER_NUMBER_OBJECT_CONVERSION = YES_AGGRESSIVE;
				CLANG_CXX_LANGUAGE_STANDARD = "gnu++20";
				CLANG_ENABLE_MODULES = YES;
				CLANG_ENABLE_OBJC_ARC = YES;
				CLANG_ENABLE_OBJC_WEAK = YES;
				CLANG_WARN_BLOCK_CAPTURE_AUTORELEASING = YES;
				CLANG_WARN_BOOL_CONVERSION = YES;
				CLANG_WARN_COMMA = YES;
				CLANG_WARN_CONSTANT_CONVERSION = YES;
				CLANG_WARN_DEPRECATED_OBJC_IMPLEMENTATIONS = YES;
				CLANG_WARN_DIRECT_OBJC_ISA_USAGE = YES_ERROR;
				CLANG_WARN_DOCUMENTATION_COMMENTS = YES;
				CLANG_WARN_EMPTY_BODY = YES;
				CLANG_WARN_ENUM_CONVERSION = YES;
				CLANG_WARN_INFINITE_RECURSION = YES;
				CLANG_WARN_INT_CONVERSION = YES;
				CLANG_WARN_NON_LITERAL_NULL_CONVERSION = YES;
				CLANG_WARN_OBJC_IMPLICIT_RETAIN_SELF = YES;
				CLANG_WARN_OBJC_LITERAL_CONVERSION = YES;
				CLANG_WARN_OBJC_ROOT_CLASS = YES_ERROR;
				CLANG_WARN_QUOTED_INCLUDE_IN_FRAMEWORK_HEADER = YES;
				CLANG_WARN_RANGE_LOOP_ANALYSIS = YES;
				CLANG_WARN_STRICT_PROTOTYPES = YES;
				CLANG_WARN_SUSPICIOUS_MOVE = YES;
				CLANG_WARN_UNGUARDED_AVAILABILITY = YES_AGGRESSIVE;
				CLANG_WARN_UNREACHABLE_CODE = YES;
				CLANG_WARN__DUPLICATE_METHOD_MATCH = YES;
				COPY_PHASE_STRIP = NO;
				DEBUG_INFORMATION_FORMAT = dwarf;
				ENABLE_STRICT_OBJC_MSGSEND = YES;
				ENABLE_TESTABILITY = YES;
				ENABLE_USER_SCRIPT_SANDBOXING = YES;
				GCC_C_LANGUAGE_STANDARD = gnu17;
				GCC_DYNAMIC_NO_PIC = NO;
				GCC_NO_COMMON_BLOCKS = YES;
				GCC_OPTIMIZATION_LEVEL = 0;
				GCC_PREPROCESSOR_DEFINITIONS = (
					"DEBUG=1",
					"$(inherited)",
				);
				GCC_WARN_64_TO_32_BIT_CONVERSION = YES;
				GCC_WARN_ABOUT_RETURN_TYPE = YES_ERROR;
				GCC_WARN_UNDECLARED_SELECTOR = YES;
				GCC_WARN_UNINITIALIZED_AUTOS = YES_AGGRESSIVE;
				GCC_WARN_UNUSED_FUNCTION = YES;
				GCC_WARN_UNUSED_VARIABLE = YES;
				IPHONEOS_DEPLOYMENT_TARGET = 17.2;
				LOCALIZATION_PREFERS_STRING_CATALOGS = YES;
				MTL_ENABLE_DEBUG_INFO = INCLUDE_SOURCE;
				MTL_FAST_MATH = YES;
				ONLY_ACTIVE_ARCH = YES;
				SDKROOT = iphoneos;
				SWIFT_ACTIVE_COMPILATION_CONDITIONS = "DEBUG $(inherited)";
				SWIFT_OPTIMIZATION_LEVEL = "-Onone";
			};
			name = Debug;
		};
		BD12ED372B4437CB00BD0A3A /* Release */ = {
			isa = XCBuildConfiguration;
			buildSettings = {
				ALWAYS_SEARCH_USER_PATHS = NO;
				ASSETCATALOG_COMPILER_GENERATE_SWIFT_ASSET_SYMBOL_EXTENSIONS = YES;
				CLANG_ANALYZER_NONNULL = YES;
				CLANG_ANALYZER_NUMBER_OBJECT_CONVERSION = YES_AGGRESSIVE;
				CLANG_CXX_LANGUAGE_STANDARD = "gnu++20";
				CLANG_ENABLE_MODULES = YES;
				CLANG_ENABLE_OBJC_ARC = YES;
				CLANG_ENABLE_OBJC_WEAK = YES;
				CLANG_WARN_BLOCK_CAPTURE_AUTORELEASING = YES;
				CLANG_WARN_BOOL_CONVERSION = YES;
				CLANG_WARN_COMMA = YES;
				CLANG_WARN_CONSTANT_CONVERSION = YES;
				CLANG_WARN_DEPRECATED_OBJC_IMPLEMENTATIONS = YES;
				CLANG_WARN_DIRECT_OBJC_ISA_USAGE = YES_ERROR;
				CLANG_WARN_DOCUMENTATION_COMMENTS = YES;
				CLANG_WARN_EMPTY_BODY = YES;
				CLANG_WARN_ENUM_CONVERSION = YES;
				CLANG_WARN_INFINITE_RECURSION = YES;
				CLANG_WARN_INT_CONVERSION = YES;
				CLANG_WARN_NON_LITERAL_NULL_CONVERSION = YES;
				CLANG_WARN_OBJC_IMPLICIT_RETAIN_SELF = YES;
				CLANG_WARN_OBJC_LITERAL_CONVERSION = YES;
				CLANG_WARN_OBJC_ROOT_CLASS = YES_ERROR;
				CLANG_WARN_QUOTED_INCLUDE_IN_FRAMEWORK_HEADER = YES;
				CLANG_WARN_RANGE_LOOP_ANALYSIS = YES;
				CLANG_WARN_STRICT_PROTOTYPES = YES;
				CLANG_WARN_SUSPICIOUS_MOVE = YES;
				CLANG_WARN_UNGUARDED_AVAILABILITY = YES_AGGRESSIVE;
				CLANG_WARN_UNREACHABLE_CODE = YES;
				CLANG_WARN__DUPLICATE_METHOD_MATCH = YES;
				COPY_PHASE_STRIP = NO;
				DEBUG_INFORMATION_FORMAT = "dwarf-with-dsym";
				ENABLE_NS_ASSERTIONS = NO;
				ENABLE_STRICT_OBJC_MSGSEND = YES;
				ENABLE_USER_SCRIPT_SANDBOXING = YES;
				GCC_C_LANGUAGE_STANDARD = gnu17;
				GCC_NO_COMMON_BLOCKS = YES;
				GCC_WARN_64_TO_32_BIT_CONVERSION = YES;
				GCC_WARN_ABOUT_RETURN_TYPE = YES_ERROR;
				GCC_WARN_UNDECLARED_SELECTOR = YES;
				GCC_WARN_UNINITIALIZED_AUTOS = YES_AGGRESSIVE;
				GCC_WARN_UNUSED_FUNCTION = YES;
				GCC_WARN_UNUSED_VARIABLE = YES;
				IPHONEOS_DEPLOYMENT_TARGET = 17.2;
				LOCALIZATION_PREFERS_STRING_CATALOGS = YES;
				MTL_ENABLE_DEBUG_INFO = NO;
				MTL_FAST_MATH = YES;
				SDKROOT = iphoneos;
				SWIFT_COMPILATION_MODE = wholemodule;
				VALIDATE_PRODUCT = YES;
			};
			name = Release;
		};
		BD12ED392B4437CB00BD0A3A /* Debug */ = {
			isa = XCBuildConfiguration;
			buildSettings = {
				ASSETCATALOG_COMPILER_APPICON_NAME = AppIcon;
				ASSETCATALOG_COMPILER_GLOBAL_ACCENT_COLOR_NAME = AccentColor;
				CODE_SIGN_STYLE = Automatic;
				CURRENT_PROJECT_VERSION = 1;
				GENERATE_INFOPLIST_FILE = YES;
				INFOPLIST_FILE = "ios-contact-manager-ui/Info.plist";
				INFOPLIST_KEY_UIApplicationSupportsIndirectInputEvents = YES;
				INFOPLIST_KEY_UILaunchStoryboardName = LaunchScreen;
				INFOPLIST_KEY_UIMainStoryboardFile = Main;
				INFOPLIST_KEY_UISupportedInterfaceOrientations_iPad = "UIInterfaceOrientationPortrait UIInterfaceOrientationPortraitUpsideDown UIInterfaceOrientationLandscapeLeft UIInterfaceOrientationLandscapeRight";
				INFOPLIST_KEY_UISupportedInterfaceOrientations_iPhone = "UIInterfaceOrientationPortrait UIInterfaceOrientationLandscapeLeft UIInterfaceOrientationLandscapeRight";
				LD_RUNPATH_SEARCH_PATHS = (
					"$(inherited)",
					"@executable_path/Frameworks",
				);
				MARKETING_VERSION = 1.0;
				PRODUCT_BUNDLE_IDENTIFIER = "net.yagom.ContactManager.ios-contact-manager-ui";
				PRODUCT_NAME = "$(TARGET_NAME)";
				SWIFT_EMIT_LOC_STRINGS = YES;
				SWIFT_VERSION = 5.0;
				TARGETED_DEVICE_FAMILY = "1,2";
			};
			name = Debug;
		};
		BD12ED3A2B4437CB00BD0A3A /* Release */ = {
			isa = XCBuildConfiguration;
			buildSettings = {
				ASSETCATALOG_COMPILER_APPICON_NAME = AppIcon;
				ASSETCATALOG_COMPILER_GLOBAL_ACCENT_COLOR_NAME = AccentColor;
				CODE_SIGN_STYLE = Automatic;
				CURRENT_PROJECT_VERSION = 1;
				GENERATE_INFOPLIST_FILE = YES;
				INFOPLIST_FILE = "ios-contact-manager-ui/Info.plist";
				INFOPLIST_KEY_UIApplicationSupportsIndirectInputEvents = YES;
				INFOPLIST_KEY_UILaunchStoryboardName = LaunchScreen;
				INFOPLIST_KEY_UIMainStoryboardFile = Main;
				INFOPLIST_KEY_UISupportedInterfaceOrientations_iPad = "UIInterfaceOrientationPortrait UIInterfaceOrientationPortraitUpsideDown UIInterfaceOrientationLandscapeLeft UIInterfaceOrientationLandscapeRight";
				INFOPLIST_KEY_UISupportedInterfaceOrientations_iPhone = "UIInterfaceOrientationPortrait UIInterfaceOrientationLandscapeLeft UIInterfaceOrientationLandscapeRight";
				LD_RUNPATH_SEARCH_PATHS = (
					"$(inherited)",
					"@executable_path/Frameworks",
				);
				MARKETING_VERSION = 1.0;
				PRODUCT_BUNDLE_IDENTIFIER = "net.yagom.ContactManager.ios-contact-manager-ui";
				PRODUCT_NAME = "$(TARGET_NAME)";
				SWIFT_EMIT_LOC_STRINGS = YES;
				SWIFT_VERSION = 5.0;
				TARGETED_DEVICE_FAMILY = "1,2";
			};
			name = Release;
		};
/* End XCBuildConfiguration section */

/* Begin XCConfigurationList section */
		BD12ED1F2B4437C500BD0A3A /* Build configuration list for PBXProject "ios-contact-manager-ui" */ = {
			isa = XCConfigurationList;
			buildConfigurations = (
				BD12ED362B4437CB00BD0A3A /* Debug */,
				BD12ED372B4437CB00BD0A3A /* Release */,
			);
			defaultConfigurationIsVisible = 0;
			defaultConfigurationName = Release;
		};
		BD12ED382B4437CB00BD0A3A /* Build configuration list for PBXNativeTarget "ios-contact-manager-ui" */ = {
			isa = XCConfigurationList;
			buildConfigurations = (
				BD12ED392B4437CB00BD0A3A /* Debug */,
				BD12ED3A2B4437CB00BD0A3A /* Release */,
			);
			defaultConfigurationIsVisible = 0;
			defaultConfigurationName = Release;
		};
/* End XCConfigurationList section */
	};
	rootObject = BD12ED1C2B4437C500BD0A3A /* Project object */;
}
